
Microsoft Visual Studio Solution File, Format Version 12.00
# Visual Studio 14
VisualStudioVersion = 14.0.25420.1
MinimumVisualStudioVersion = 10.0.40219.1
Project("{FAE04EC0-301F-11D3-BF4B-00C04F79EFBC}") = "dSearch.WPF", "dSearch.WPF\dSearch.WPF.csproj", "{B1916911-E6AF-4249-938F-C0AB54565290}"
EndProject
Project("{FAE04EC0-301F-11D3-BF4B-00C04F79EFBC}") = "dSearch.Framework", "dSearch.Framework\dSearch.Framework.csproj", "{6E6E80BB-A347-41EC-8424-38B1B1EA1185}"
EndProject
Project("{FAE04EC0-301F-11D3-BF4B-00C04F79EFBC}") = "dSearch.Framework.WikiSearcher", "dSearch.WikiSearch\dSearch.Framework.WikiSearcher.csproj", "{39B97D2B-923B-4BBC-B943-00DCED6CE79F}"
EndProject
Project("{FAE04EC0-301F-11D3-BF4B-00C04F79EFBC}") = "dSearch.Framework.FileSearcher", "dSearch.FileSearcher\dSearch.Framework.FileSearcher.csproj", "{567C561A-3A25-4E7B-8C60-D2403E9E96B5}"
EndProject
Global
	GlobalSection(SolutionConfigurationPlatforms) = preSolution
		Debug|Any CPU = Debug|Any CPU
		Release|Any CPU = Release|Any CPU
	EndGlobalSection
	GlobalSection(ProjectConfigurationPlatforms) = postSolution
		{B1916911-E6AF-4249-938F-C0AB54565290}.Debug|Any CPU.ActiveCfg = Debug|Any CPU
		{B1916911-E6AF-4249-938F-C0AB54565290}.Debug|Any CPU.Build.0 = Debug|Any CPU
		{B1916911-E6AF-4249-938F-C0AB54565290}.Release|Any CPU.ActiveCfg = Release|Any CPU
		{B1916911-E6AF-4249-938F-C0AB54565290}.Release|Any CPU.Build.0 = Release|Any CPU
		{6E6E80BB-A347-41EC-8424-38B1B1EA1185}.Debug|Any CPU.ActiveCfg = Debug|Any CPU
		{6E6E80BB-A347-41EC-8424-38B1B1EA1185}.Debug|Any CPU.Build.0 = Debug|Any CPU
		{6E6E80BB-A347-41EC-8424-38B1B1EA1185}.Release|Any CPU.ActiveCfg = Release|Any CPU
		{6E6E80BB-A347-41EC-8424-38B1B1EA1185}.Release|Any CPU.Build.0 = Release|Any CPU
		{39B97D2B-923B-4BBC-B943-00DCED6CE79F}.Debug|Any CPU.ActiveCfg = Debug|Any CPU
		{39B97D2B-923B-4BBC-B943-00DCED6CE79F}.Debug|Any CPU.Build.0 = Debug|Any CPU
		{39B97D2B-923B-4BBC-B943-00DCED6CE79F}.Release|Any CPU.ActiveCfg = Release|Any CPU
		{39B97D2B-923B-4BBC-B943-00DCED6CE79F}.Release|Any CPU.Build.0 = Release|Any CPU
		{567C561A-3A25-4E7B-8C60-D2403E9E96B5}.Debug|Any CPU.ActiveCfg = Debug|Any CPU
		{567C561A-3A25-4E7B-8C60-D2403E9E96B5}.Debug|Any CPU.Build.0 = Debug|Any CPU
		{567C561A-3A25-4E7B-8C60-D2403E9E96B5}.Release|Any CPU.ActiveCfg = Release|Any CPU
		{567C561A-3A25-4E7B-8C60-D2403E9E96B5}.Release|Any CPU.Build.0 = Release|Any CPU
	EndGlobalSection
	GlobalSection(SolutionProperties) = preSolution
		HideSolutionNode = FALSE
	EndGlobalSection
EndGlobal
